
Microsoft Visual Studio Solution File, Format Version 12.00
# Visual Studio 15
Project("{FAE04EC0-301F-11D3-BF4B-00C04F79EFBC}") = "Assembly-CSharp", "Assembly-CSharp.csproj", "{8F0A2EC1-150E-731A-B777-D0C2FEC3A109}"
EndProject
Project("{FAE04EC0-301F-11D3-BF4B-00C04F79EFBC}") = "Assembly-CSharp-Editor", "Assembly-CSharp-Editor.csproj", "{4BC93AE7-6222-C321-8E3B-DC400090EC54}"
EndProject
Global
	GlobalSection(SolutionConfigurationPlatforms) = preSolution
		Debug|Any CPU = Debug|Any CPU
		Release|Any CPU = Release|Any CPU
	EndGlobalSection
	GlobalSection(ProjectConfigurationPlatforms) = postSolution
		{8F0A2EC1-150E-731A-B777-D0C2FEC3A109}.Debug|Any CPU.ActiveCfg = Debug|Any CPU
		{8F0A2EC1-150E-731A-B777-D0C2FEC3A109}.Debug|Any CPU.Build.0 = Debug|Any CPU
		{8F0A2EC1-150E-731A-B777-D0C2FEC3A109}.Release|Any CPU.ActiveCfg = Release|Any CPU
		{8F0A2EC1-150E-731A-B777-D0C2FEC3A109}.Release|Any CPU.Build.0 = Release|Any CPU
		{4BC93AE7-6222-C321-8E3B-DC400090EC54}.Debug|Any CPU.ActiveCfg = Debug|Any CPU
		{4BC93AE7-6222-C321-8E3B-DC400090EC54}.Debug|Any CPU.Build.0 = Debug|Any CPU
		{4BC93AE7-6222-C321-8E3B-DC400090EC54}.Release|Any CPU.ActiveCfg = Release|Any CPU
		{4BC93AE7-6222-C321-8E3B-DC400090EC54}.Release|Any CPU.Build.0 = Release|Any CPU
	EndGlobalSection
	GlobalSection(SolutionProperties) = preSolution
		HideSolutionNode = FALSE
	EndGlobalSection
EndGlobal
